
Microsoft Visual Studio Solution File, Format Version 12.00
# Visual Studio 15
VisualStudioVersion = 15.0.27004.2009
MinimumVisualStudioVersion = 10.0.40219.1
Project("{FAE04EC0-301F-11D3-BF4B-00C04F79EFBC}") = "Q_IPTool_T1", "Q_IPTool_T1\Q_IPTool_T1.csproj", "{C5608A7C-1CD8-4007-AA8B-AA32709F94E1}"
EndProject
Global
	GlobalSection(SolutionConfigurationPlatforms) = preSolution
		Debug|Any CPU = Debug|Any CPU
		Release|Any CPU = Release|Any CPU
	EndGlobalSection
	GlobalSection(ProjectConfigurationPlatforms) = postSolution
		{C5608A7C-1CD8-4007-AA8B-AA32709F94E1}.Debug|Any CPU.ActiveCfg = Debug|Any CPU
		{C5608A7C-1CD8-4007-AA8B-AA32709F94E1}.Debug|Any CPU.Build.0 = Debug|Any CPU
		{C5608A7C-1CD8-4007-AA8B-AA32709F94E1}.Release|Any CPU.ActiveCfg = Release|Any CPU
		{C5608A7C-1CD8-4007-AA8B-AA32709F94E1}.Release|Any CPU.Build.0 = Release|Any CPU
	EndGlobalSection
	GlobalSection(SolutionProperties) = preSolution
		HideSolutionNode = FALSE
	EndGlobalSection
	GlobalSection(ExtensibilityGlobals) = postSolution
		SolutionGuid = {995353AB-8C30-42DB-8BE2-A413AD77D7C9}
	EndGlobalSection
EndGlobal
